
Microsoft Visual Studio Solution File, Format Version 12.00
# Visual Studio Version 17
VisualStudioVersion = 17.3.32825.248
MinimumVisualStudioVersion = 10.0.40219.1
Project("{2150E333-8FDC-42A3-9474-1A3956D46DE8}") = "Internal", "Internal", "{2AEF2BA1-0760-443A-A139-918A3F5EA6E4}"
EndProject
Project("{2150E333-8FDC-42A3-9474-1A3956D46DE8}") = "QActions", "QActions", "{127AF2E1-9908-4628-BBD2-BB9E1B378A45}"
EndProject
Project("{2150E333-8FDC-42A3-9474-1A3956D46DE8}") = "Dlls", "Dlls", "{1AB37FB2-A8AE-4947-B55D-D5896A16F605}"
	ProjectSection(SolutionItems) = preProject
		Dlls\readme.txt = Dlls\readme.txt
	EndProjectSection
EndProject
Project("{2150E333-8FDC-42A3-9474-1A3956D46DE8}") = "Documentation", "Documentation", "{BD59AD92-0711-4185-9129-8174B7CDF56C}"
	ProjectSection(SolutionItems) = preProject
		Documentation\readme.txt = Documentation\readme.txt
	EndProjectSection
EndProject
Project("{2150E333-8FDC-42A3-9474-1A3956D46DE8}") = "Solution Items", "Solution Items", "{48F6DC23-56BC-44D6-AB41-AADB42AF90B5}"
	ProjectSection(SolutionItems) = preProject
		protocol.xml = protocol.xml
	EndProjectSection
EndProject
Project("{2150E333-8FDC-42A3-9474-1A3956D46DE8}") = "Code Analysis", "Code Analysis", "{9CBC4F8D-0488-418D-B754-E2619D4CD9E0}"
	ProjectSection(SolutionItems) = preProject
		Internal\Code Analysis\qaction-debug.ruleset = Internal\Code Analysis\qaction-debug.ruleset
		Internal\Code Analysis\qaction-release.ruleset = Internal\Code Analysis\qaction-release.ruleset
	EndProjectSection
EndProject
Project("{FAE04EC0-301F-11D3-BF4B-00C04F79EFBC}") = "QAction_Helper", "QAction_Helper\QAction_Helper.csproj", "{49273970-A039-4EC9-9F3D-AEF738436DA9}"
EndProject
Project("{FAE04EC0-301F-11D3-BF4B-00C04F79EFBC}") = "QAction_ClassLibrary", "QAction_ClassLibrary\QAction_ClassLibrary.csproj", "{83BD84C6-6647-43CF-B63E-41846D2AD1A4}"
EndProject
Project("{FAE04EC0-301F-11D3-BF4B-00C04F79EFBC}") = "QAction_1", "QAction_1\QAction_1.csproj", "{767A59B3-287E-4B91-A075-58363E4CB5F0}"
EndProject
Project("{FAE04EC0-301F-11D3-BF4B-00C04F79EFBC}") = "QAction_2", "QAction_2\QAction_2.csproj", "{80D19039-195E-44D4-83AD-59C3F05D8CA2}"
EndProject
Project("{FAE04EC0-301F-11D3-BF4B-00C04F79EFBC}") = "QAction_50", "QAction_50\QAction_50.csproj", "{3BC3DCD4-3AA9-44ED-9B77-B05010ECCC31}"
EndProject
Project("{FAE04EC0-301F-11D3-BF4B-00C04F79EFBC}") = "QAction_52", "QAction_52\QAction_52.csproj", "{6A397EB5-0BBF-485D-9509-ABD60AE60E22}"
EndProject
Project("{FAE04EC0-301F-11D3-BF4B-00C04F79EFBC}") = "QAction_150", "QAction_150\QAction_150.csproj", "{B5910898-063F-4DD3-8552-4E19E781EAD8}"
EndProject
Project("{FAE04EC0-301F-11D3-BF4B-00C04F79EFBC}") = "QAction_202", "QAction_202\QAction_202.csproj", "{953FCAC3-17C3-44AA-8244-2C1B2A48414A}"
EndProject
Project("{FAE04EC0-301F-11D3-BF4B-00C04F79EFBC}") = "QAction_210", "QAction_210\QAction_210.csproj", "{C6E68C12-C0CE-4179-8449-9ED2E5AA742A}"
EndProject
Project("{FAE04EC0-301F-11D3-BF4B-00C04F79EFBC}") = "QAction_510", "QAction_510\QAction_510.csproj", "{CFD9FE2B-25BD-42AC-87AF-97BB25C657DB}"
EndProject
Project("{FAE04EC0-301F-11D3-BF4B-00C04F79EFBC}") = "QAction_1000", "QAction_1000\QAction_1000.csproj", "{46066437-8DA5-498A-9F42-7A8AC49F88C0}"
EndProject
Project("{FAE04EC0-301F-11D3-BF4B-00C04F79EFBC}") = "QAction_1115", "QAction_1115\QAction_1115.csproj", "{1CEF187D-D809-407B-9DB5-341899B3F474}"
EndProject
Project("{FAE04EC0-301F-11D3-BF4B-00C04F79EFBC}") = "QAction_2004", "QAction_2004\QAction_2004.csproj", "{3E0ACAFA-33E1-4236-82A5-F0285A6EB8C4}"
EndProject
Global
	GlobalSection(SolutionConfigurationPlatforms) = preSolution
		Debug|Any CPU = Debug|Any CPU
		Release|Any CPU = Release|Any CPU
	EndGlobalSection
	GlobalSection(ProjectConfigurationPlatforms) = postSolution
		{49273970-A039-4EC9-9F3D-AEF738436DA9}.Debug|Any CPU.ActiveCfg = Debug|Any CPU
		{49273970-A039-4EC9-9F3D-AEF738436DA9}.Debug|Any CPU.Build.0 = Debug|Any CPU
		{49273970-A039-4EC9-9F3D-AEF738436DA9}.Release|Any CPU.ActiveCfg = Release|Any CPU
		{49273970-A039-4EC9-9F3D-AEF738436DA9}.Release|Any CPU.Build.0 = Release|Any CPU
		{83BD84C6-6647-43CF-B63E-41846D2AD1A4}.Debug|Any CPU.ActiveCfg = Debug|Any CPU
		{83BD84C6-6647-43CF-B63E-41846D2AD1A4}.Debug|Any CPU.Build.0 = Debug|Any CPU
		{83BD84C6-6647-43CF-B63E-41846D2AD1A4}.Release|Any CPU.ActiveCfg = Release|Any CPU
		{83BD84C6-6647-43CF-B63E-41846D2AD1A4}.Release|Any CPU.Build.0 = Release|Any CPU
		{767A59B3-287E-4B91-A075-58363E4CB5F0}.Debug|Any CPU.ActiveCfg = Debug|Any CPU
		{767A59B3-287E-4B91-A075-58363E4CB5F0}.Debug|Any CPU.Build.0 = Debug|Any CPU
		{767A59B3-287E-4B91-A075-58363E4CB5F0}.Release|Any CPU.ActiveCfg = Release|Any CPU
		{767A59B3-287E-4B91-A075-58363E4CB5F0}.Release|Any CPU.Build.0 = Release|Any CPU
		{80D19039-195E-44D4-83AD-59C3F05D8CA2}.Debug|Any CPU.ActiveCfg = Debug|Any CPU
		{80D19039-195E-44D4-83AD-59C3F05D8CA2}.Debug|Any CPU.Build.0 = Debug|Any CPU
		{80D19039-195E-44D4-83AD-59C3F05D8CA2}.Release|Any CPU.ActiveCfg = Release|Any CPU
		{80D19039-195E-44D4-83AD-59C3F05D8CA2}.Release|Any CPU.Build.0 = Release|Any CPU
		{3BC3DCD4-3AA9-44ED-9B77-B05010ECCC31}.Debug|Any CPU.ActiveCfg = Debug|Any CPU
		{3BC3DCD4-3AA9-44ED-9B77-B05010ECCC31}.Debug|Any CPU.Build.0 = Debug|Any CPU
		{3BC3DCD4-3AA9-44ED-9B77-B05010ECCC31}.Release|Any CPU.ActiveCfg = Release|Any CPU
		{3BC3DCD4-3AA9-44ED-9B77-B05010ECCC31}.Release|Any CPU.Build.0 = Release|Any CPU
		{6A397EB5-0BBF-485D-9509-ABD60AE60E22}.Debug|Any CPU.ActiveCfg = Debug|Any CPU
		{6A397EB5-0BBF-485D-9509-ABD60AE60E22}.Debug|Any CPU.Build.0 = Debug|Any CPU
		{6A397EB5-0BBF-485D-9509-ABD60AE60E22}.Release|Any CPU.ActiveCfg = Release|Any CPU
		{6A397EB5-0BBF-485D-9509-ABD60AE60E22}.Release|Any CPU.Build.0 = Release|Any CPU
		{B5910898-063F-4DD3-8552-4E19E781EAD8}.Debug|Any CPU.ActiveCfg = Debug|Any CPU
		{B5910898-063F-4DD3-8552-4E19E781EAD8}.Debug|Any CPU.Build.0 = Debug|Any CPU
		{B5910898-063F-4DD3-8552-4E19E781EAD8}.Release|Any CPU.ActiveCfg = Release|Any CPU
		{B5910898-063F-4DD3-8552-4E19E781EAD8}.Release|Any CPU.Build.0 = Release|Any CPU
		{953FCAC3-17C3-44AA-8244-2C1B2A48414A}.Debug|Any CPU.ActiveCfg = Debug|Any CPU
		{953FCAC3-17C3-44AA-8244-2C1B2A48414A}.Debug|Any CPU.Build.0 = Debug|Any CPU
		{953FCAC3-17C3-44AA-8244-2C1B2A48414A}.Release|Any CPU.ActiveCfg = Release|Any CPU
		{953FCAC3-17C3-44AA-8244-2C1B2A48414A}.Release|Any CPU.Build.0 = Release|Any CPU
		{C6E68C12-C0CE-4179-8449-9ED2E5AA742A}.Debug|Any CPU.ActiveCfg = Debug|Any CPU
		{C6E68C12-C0CE-4179-8449-9ED2E5AA742A}.Debug|Any CPU.Build.0 = Debug|Any CPU
		{C6E68C12-C0CE-4179-8449-9ED2E5AA742A}.Release|Any CPU.ActiveCfg = Release|Any CPU
		{C6E68C12-C0CE-4179-8449-9ED2E5AA742A}.Release|Any CPU.Build.0 = Release|Any CPU
		{CFD9FE2B-25BD-42AC-87AF-97BB25C657DB}.Debug|Any CPU.ActiveCfg = Debug|Any CPU
		{CFD9FE2B-25BD-42AC-87AF-97BB25C657DB}.Debug|Any CPU.Build.0 = Debug|Any CPU
		{CFD9FE2B-25BD-42AC-87AF-97BB25C657DB}.Release|Any CPU.ActiveCfg = Release|Any CPU
		{CFD9FE2B-25BD-42AC-87AF-97BB25C657DB}.Release|Any CPU.Build.0 = Release|Any CPU
		{46066437-8DA5-498A-9F42-7A8AC49F88C0}.Debug|Any CPU.ActiveCfg = Debug|Any CPU
		{46066437-8DA5-498A-9F42-7A8AC49F88C0}.Debug|Any CPU.Build.0 = Debug|Any CPU
		{46066437-8DA5-498A-9F42-7A8AC49F88C0}.Release|Any CPU.ActiveCfg = Release|Any CPU
		{46066437-8DA5-498A-9F42-7A8AC49F88C0}.Release|Any CPU.Build.0 = Release|Any CPU
		{1CEF187D-D809-407B-9DB5-341899B3F474}.Debug|Any CPU.ActiveCfg = Debug|Any CPU
		{1CEF187D-D809-407B-9DB5-341899B3F474}.Debug|Any CPU.Build.0 = Debug|Any CPU
		{1CEF187D-D809-407B-9DB5-341899B3F474}.Release|Any CPU.ActiveCfg = Release|Any CPU
		{1CEF187D-D809-407B-9DB5-341899B3F474}.Release|Any CPU.Build.0 = Release|Any CPU
		{3E0ACAFA-33E1-4236-82A5-F0285A6EB8C4}.Debug|Any CPU.ActiveCfg = Debug|Any CPU
		{3E0ACAFA-33E1-4236-82A5-F0285A6EB8C4}.Debug|Any CPU.Build.0 = Debug|Any CPU
		{3E0ACAFA-33E1-4236-82A5-F0285A6EB8C4}.Release|Any CPU.ActiveCfg = Release|Any CPU
		{3E0ACAFA-33E1-4236-82A5-F0285A6EB8C4}.Release|Any CPU.Build.0 = Release|Any CPU
	EndGlobalSection
	GlobalSection(SolutionProperties) = preSolution
		HideSolutionNode = FALSE
	EndGlobalSection
	GlobalSection(NestedProjects) = preSolution
		{9CBC4F8D-0488-418D-B754-E2619D4CD9E0} = {2AEF2BA1-0760-443A-A139-918A3F5EA6E4}
		{49273970-A039-4EC9-9F3D-AEF738436DA9} = {2AEF2BA1-0760-443A-A139-918A3F5EA6E4}
		{83BD84C6-6647-43CF-B63E-41846D2AD1A4} = {2AEF2BA1-0760-443A-A139-918A3F5EA6E4}
		{767A59B3-287E-4B91-A075-58363E4CB5F0} = {127AF2E1-9908-4628-BBD2-BB9E1B378A45}
		{80D19039-195E-44D4-83AD-59C3F05D8CA2} = {127AF2E1-9908-4628-BBD2-BB9E1B378A45}
		{3BC3DCD4-3AA9-44ED-9B77-B05010ECCC31} = {127AF2E1-9908-4628-BBD2-BB9E1B378A45}
		{6A397EB5-0BBF-485D-9509-ABD60AE60E22} = {127AF2E1-9908-4628-BBD2-BB9E1B378A45}
		{B5910898-063F-4DD3-8552-4E19E781EAD8} = {127AF2E1-9908-4628-BBD2-BB9E1B378A45}
		{953FCAC3-17C3-44AA-8244-2C1B2A48414A} = {127AF2E1-9908-4628-BBD2-BB9E1B378A45}
		{C6E68C12-C0CE-4179-8449-9ED2E5AA742A} = {127AF2E1-9908-4628-BBD2-BB9E1B378A45}
		{CFD9FE2B-25BD-42AC-87AF-97BB25C657DB} = {127AF2E1-9908-4628-BBD2-BB9E1B378A45}
		{46066437-8DA5-498A-9F42-7A8AC49F88C0} = {127AF2E1-9908-4628-BBD2-BB9E1B378A45}
		{1CEF187D-D809-407B-9DB5-341899B3F474} = {127AF2E1-9908-4628-BBD2-BB9E1B378A45}
		{3E0ACAFA-33E1-4236-82A5-F0285A6EB8C4} = {127AF2E1-9908-4628-BBD2-BB9E1B378A45}
	EndGlobalSection
	GlobalSection(ExtensibilityGlobals) = postSolution
		SolutionGuid = {97262626-3744-461F-8097-ADAF4BA54F9A}
	EndGlobalSection
EndGlobal
