
Microsoft Visual Studio Solution File, Format Version 12.00
# Visual Studio Version 17
VisualStudioVersion = 17.3.32825.248
MinimumVisualStudioVersion = 10.0.40219.1
Project("{2150E333-8FDC-42A3-9474-1A3956D46DE8}") = "Internal", "Internal", "{18AFD70C-63C1-4A26-8E60-13ABB20FA39C}"
EndProject
Project("{2150E333-8FDC-42A3-9474-1A3956D46DE8}") = "QActions", "QActions", "{895E4428-D90B-4718-9EED-18DA038443E9}"
EndProject
Project("{2150E333-8FDC-42A3-9474-1A3956D46DE8}") = "Dlls", "Dlls", "{1B06F9D2-9649-4143-847F-9622346A8D6E}"
	ProjectSection(SolutionItems) = preProject
		Dlls\readme.txt = Dlls\readme.txt
	EndProjectSection
EndProject
Project("{2150E333-8FDC-42A3-9474-1A3956D46DE8}") = "Documentation", "Documentation", "{04E6381E-D995-496B-B251-4022E1713A4E}"
	ProjectSection(SolutionItems) = preProject
		Documentation\readme.txt = Documentation\readme.txt
	EndProjectSection
EndProject
Project("{2150E333-8FDC-42A3-9474-1A3956D46DE8}") = "Solution Items", "Solution Items", "{52AB97EA-3E34-48E7-8234-FD840C1B6CDF}"
	ProjectSection(SolutionItems) = preProject
		protocol.xml = protocol.xml
	EndProjectSection
EndProject
Project("{2150E333-8FDC-42A3-9474-1A3956D46DE8}") = "Code Analysis", "Code Analysis", "{27DCDE7E-3E8B-41A3-9F0D-B69A3E9157B7}"
	ProjectSection(SolutionItems) = preProject
		Internal\Code Analysis\qaction-debug.ruleset = Internal\Code Analysis\qaction-debug.ruleset
		Internal\Code Analysis\qaction-release.ruleset = Internal\Code Analysis\qaction-release.ruleset
	EndProjectSection
EndProject
Project("{FAE04EC0-301F-11D3-BF4B-00C04F79EFBC}") = "QAction_Helper", "QAction_Helper\QAction_Helper.csproj", "{DBBE85AF-8860-4885-943D-2EFE3EA13FBD}"
EndProject
Project("{FAE04EC0-301F-11D3-BF4B-00C04F79EFBC}") = "QAction_ClassLibrary", "QAction_ClassLibrary\QAction_ClassLibrary.csproj", "{3AB9831F-9D6E-462B-81FC-67CA23B26A1B}"
EndProject
Project("{FAE04EC0-301F-11D3-BF4B-00C04F79EFBC}") = "QAction_1", "QAction_1\QAction_1.csproj", "{B27C3F2A-CB7A-427A-AD7B-F3A2DB7AACE0}"
EndProject
Project("{FAE04EC0-301F-11D3-BF4B-00C04F79EFBC}") = "QAction_2", "QAction_2\QAction_2.csproj", "{7B9356C6-BB9B-4049-9552-FDB30E2AF2B6}"
EndProject
Project("{FAE04EC0-301F-11D3-BF4B-00C04F79EFBC}") = "QAction_50", "QAction_50\QAction_50.csproj", "{FFDFA898-55BD-453C-A570-FD18939452A9}"
EndProject
Project("{FAE04EC0-301F-11D3-BF4B-00C04F79EFBC}") = "QAction_52", "QAction_52\QAction_52.csproj", "{9C9A7A64-D376-4ACA-9004-483BCCBC9D6F}"
EndProject
Project("{FAE04EC0-301F-11D3-BF4B-00C04F79EFBC}") = "QAction_150", "QAction_150\QAction_150.csproj", "{1A66325F-4880-4E14-B8C7-93CC4A85C915}"
EndProject
Project("{FAE04EC0-301F-11D3-BF4B-00C04F79EFBC}") = "QAction_202", "QAction_202\QAction_202.csproj", "{208F29DD-25E2-46B8-968F-7C751433F1EA}"
EndProject
Project("{FAE04EC0-301F-11D3-BF4B-00C04F79EFBC}") = "QAction_210", "QAction_210\QAction_210.csproj", "{53C3EF70-68D7-4DE7-ACD2-1C34A79F6282}"
EndProject
Project("{FAE04EC0-301F-11D3-BF4B-00C04F79EFBC}") = "QAction_510", "QAction_510\QAction_510.csproj", "{90D75C51-9EB4-4C1A-BBC3-9A681A97B9F0}"
EndProject
Project("{FAE04EC0-301F-11D3-BF4B-00C04F79EFBC}") = "QAction_1000", "QAction_1000\QAction_1000.csproj", "{84B5EB90-702E-4AEF-A5B0-1751A28B4A17}"
EndProject
Project("{FAE04EC0-301F-11D3-BF4B-00C04F79EFBC}") = "QAction_1115", "QAction_1115\QAction_1115.csproj", "{ACCE92A1-A124-4567-81D4-C34BF87C4134}"
EndProject
Project("{FAE04EC0-301F-11D3-BF4B-00C04F79EFBC}") = "QAction_2004", "QAction_2004\QAction_2004.csproj", "{258A0362-647A-4B6F-A1FB-FA8A91D5CF36}"
EndProject
Global
	GlobalSection(SolutionConfigurationPlatforms) = preSolution
		Debug|Any CPU = Debug|Any CPU
		Release|Any CPU = Release|Any CPU
	EndGlobalSection
	GlobalSection(ProjectConfigurationPlatforms) = postSolution
		{DBBE85AF-8860-4885-943D-2EFE3EA13FBD}.Debug|Any CPU.ActiveCfg = Debug|Any CPU
		{DBBE85AF-8860-4885-943D-2EFE3EA13FBD}.Debug|Any CPU.Build.0 = Debug|Any CPU
		{DBBE85AF-8860-4885-943D-2EFE3EA13FBD}.Release|Any CPU.ActiveCfg = Release|Any CPU
		{DBBE85AF-8860-4885-943D-2EFE3EA13FBD}.Release|Any CPU.Build.0 = Release|Any CPU
		{3AB9831F-9D6E-462B-81FC-67CA23B26A1B}.Debug|Any CPU.ActiveCfg = Debug|Any CPU
		{3AB9831F-9D6E-462B-81FC-67CA23B26A1B}.Debug|Any CPU.Build.0 = Debug|Any CPU
		{3AB9831F-9D6E-462B-81FC-67CA23B26A1B}.Release|Any CPU.ActiveCfg = Release|Any CPU
		{3AB9831F-9D6E-462B-81FC-67CA23B26A1B}.Release|Any CPU.Build.0 = Release|Any CPU
		{B27C3F2A-CB7A-427A-AD7B-F3A2DB7AACE0}.Debug|Any CPU.ActiveCfg = Debug|Any CPU
		{B27C3F2A-CB7A-427A-AD7B-F3A2DB7AACE0}.Debug|Any CPU.Build.0 = Debug|Any CPU
		{B27C3F2A-CB7A-427A-AD7B-F3A2DB7AACE0}.Release|Any CPU.ActiveCfg = Release|Any CPU
		{B27C3F2A-CB7A-427A-AD7B-F3A2DB7AACE0}.Release|Any CPU.Build.0 = Release|Any CPU
		{7B9356C6-BB9B-4049-9552-FDB30E2AF2B6}.Debug|Any CPU.ActiveCfg = Debug|Any CPU
		{7B9356C6-BB9B-4049-9552-FDB30E2AF2B6}.Debug|Any CPU.Build.0 = Debug|Any CPU
		{7B9356C6-BB9B-4049-9552-FDB30E2AF2B6}.Release|Any CPU.ActiveCfg = Release|Any CPU
		{7B9356C6-BB9B-4049-9552-FDB30E2AF2B6}.Release|Any CPU.Build.0 = Release|Any CPU
		{FFDFA898-55BD-453C-A570-FD18939452A9}.Debug|Any CPU.ActiveCfg = Debug|Any CPU
		{FFDFA898-55BD-453C-A570-FD18939452A9}.Debug|Any CPU.Build.0 = Debug|Any CPU
		{FFDFA898-55BD-453C-A570-FD18939452A9}.Release|Any CPU.ActiveCfg = Release|Any CPU
		{FFDFA898-55BD-453C-A570-FD18939452A9}.Release|Any CPU.Build.0 = Release|Any CPU
		{9C9A7A64-D376-4ACA-9004-483BCCBC9D6F}.Debug|Any CPU.ActiveCfg = Debug|Any CPU
		{9C9A7A64-D376-4ACA-9004-483BCCBC9D6F}.Debug|Any CPU.Build.0 = Debug|Any CPU
		{9C9A7A64-D376-4ACA-9004-483BCCBC9D6F}.Release|Any CPU.ActiveCfg = Release|Any CPU
		{9C9A7A64-D376-4ACA-9004-483BCCBC9D6F}.Release|Any CPU.Build.0 = Release|Any CPU
		{1A66325F-4880-4E14-B8C7-93CC4A85C915}.Debug|Any CPU.ActiveCfg = Debug|Any CPU
		{1A66325F-4880-4E14-B8C7-93CC4A85C915}.Debug|Any CPU.Build.0 = Debug|Any CPU
		{1A66325F-4880-4E14-B8C7-93CC4A85C915}.Release|Any CPU.ActiveCfg = Release|Any CPU
		{1A66325F-4880-4E14-B8C7-93CC4A85C915}.Release|Any CPU.Build.0 = Release|Any CPU
		{208F29DD-25E2-46B8-968F-7C751433F1EA}.Debug|Any CPU.ActiveCfg = Debug|Any CPU
		{208F29DD-25E2-46B8-968F-7C751433F1EA}.Debug|Any CPU.Build.0 = Debug|Any CPU
		{208F29DD-25E2-46B8-968F-7C751433F1EA}.Release|Any CPU.ActiveCfg = Release|Any CPU
		{208F29DD-25E2-46B8-968F-7C751433F1EA}.Release|Any CPU.Build.0 = Release|Any CPU
		{53C3EF70-68D7-4DE7-ACD2-1C34A79F6282}.Debug|Any CPU.ActiveCfg = Debug|Any CPU
		{53C3EF70-68D7-4DE7-ACD2-1C34A79F6282}.Debug|Any CPU.Build.0 = Debug|Any CPU
		{53C3EF70-68D7-4DE7-ACD2-1C34A79F6282}.Release|Any CPU.ActiveCfg = Release|Any CPU
		{53C3EF70-68D7-4DE7-ACD2-1C34A79F6282}.Release|Any CPU.Build.0 = Release|Any CPU
		{90D75C51-9EB4-4C1A-BBC3-9A681A97B9F0}.Debug|Any CPU.ActiveCfg = Debug|Any CPU
		{90D75C51-9EB4-4C1A-BBC3-9A681A97B9F0}.Debug|Any CPU.Build.0 = Debug|Any CPU
		{90D75C51-9EB4-4C1A-BBC3-9A681A97B9F0}.Release|Any CPU.ActiveCfg = Release|Any CPU
		{90D75C51-9EB4-4C1A-BBC3-9A681A97B9F0}.Release|Any CPU.Build.0 = Release|Any CPU
		{84B5EB90-702E-4AEF-A5B0-1751A28B4A17}.Debug|Any CPU.ActiveCfg = Debug|Any CPU
		{84B5EB90-702E-4AEF-A5B0-1751A28B4A17}.Debug|Any CPU.Build.0 = Debug|Any CPU
		{84B5EB90-702E-4AEF-A5B0-1751A28B4A17}.Release|Any CPU.ActiveCfg = Release|Any CPU
		{84B5EB90-702E-4AEF-A5B0-1751A28B4A17}.Release|Any CPU.Build.0 = Release|Any CPU
		{ACCE92A1-A124-4567-81D4-C34BF87C4134}.Debug|Any CPU.ActiveCfg = Debug|Any CPU
		{ACCE92A1-A124-4567-81D4-C34BF87C4134}.Debug|Any CPU.Build.0 = Debug|Any CPU
		{ACCE92A1-A124-4567-81D4-C34BF87C4134}.Release|Any CPU.ActiveCfg = Release|Any CPU
		{ACCE92A1-A124-4567-81D4-C34BF87C4134}.Release|Any CPU.Build.0 = Release|Any CPU
		{258A0362-647A-4B6F-A1FB-FA8A91D5CF36}.Debug|Any CPU.ActiveCfg = Debug|Any CPU
		{258A0362-647A-4B6F-A1FB-FA8A91D5CF36}.Debug|Any CPU.Build.0 = Debug|Any CPU
		{258A0362-647A-4B6F-A1FB-FA8A91D5CF36}.Release|Any CPU.ActiveCfg = Release|Any CPU
		{258A0362-647A-4B6F-A1FB-FA8A91D5CF36}.Release|Any CPU.Build.0 = Release|Any CPU
	EndGlobalSection
	GlobalSection(SolutionProperties) = preSolution
		HideSolutionNode = FALSE
	EndGlobalSection
	GlobalSection(NestedProjects) = preSolution
		{27DCDE7E-3E8B-41A3-9F0D-B69A3E9157B7} = {18AFD70C-63C1-4A26-8E60-13ABB20FA39C}
		{DBBE85AF-8860-4885-943D-2EFE3EA13FBD} = {18AFD70C-63C1-4A26-8E60-13ABB20FA39C}
		{3AB9831F-9D6E-462B-81FC-67CA23B26A1B} = {18AFD70C-63C1-4A26-8E60-13ABB20FA39C}
		{B27C3F2A-CB7A-427A-AD7B-F3A2DB7AACE0} = {895E4428-D90B-4718-9EED-18DA038443E9}
		{7B9356C6-BB9B-4049-9552-FDB30E2AF2B6} = {895E4428-D90B-4718-9EED-18DA038443E9}
		{FFDFA898-55BD-453C-A570-FD18939452A9} = {895E4428-D90B-4718-9EED-18DA038443E9}
		{9C9A7A64-D376-4ACA-9004-483BCCBC9D6F} = {895E4428-D90B-4718-9EED-18DA038443E9}
		{1A66325F-4880-4E14-B8C7-93CC4A85C915} = {895E4428-D90B-4718-9EED-18DA038443E9}
		{208F29DD-25E2-46B8-968F-7C751433F1EA} = {895E4428-D90B-4718-9EED-18DA038443E9}
		{53C3EF70-68D7-4DE7-ACD2-1C34A79F6282} = {895E4428-D90B-4718-9EED-18DA038443E9}
		{90D75C51-9EB4-4C1A-BBC3-9A681A97B9F0} = {895E4428-D90B-4718-9EED-18DA038443E9}
		{84B5EB90-702E-4AEF-A5B0-1751A28B4A17} = {895E4428-D90B-4718-9EED-18DA038443E9}
		{ACCE92A1-A124-4567-81D4-C34BF87C4134} = {895E4428-D90B-4718-9EED-18DA038443E9}
		{258A0362-647A-4B6F-A1FB-FA8A91D5CF36} = {895E4428-D90B-4718-9EED-18DA038443E9}
	EndGlobalSection
	GlobalSection(ExtensibilityGlobals) = postSolution
		SolutionGuid = {7D7E5288-518A-4FF2-B25B-02AC9F74D935}
	EndGlobalSection
EndGlobal
